
Microsoft Visual Studio Solution File, Format Version 12.00
# Visual Studio 15
VisualStudioVersion = 15.0.28307.168
MinimumVisualStudioVersion = 10.0.40219.1
Project("{FAE04EC0-301F-11D3-BF4B-00C04F79EFBC}") = "MyStore.Domain", "MyStore.Domain\MyStore.Domain.csproj", "{B9AB2C13-735C-428B-9F73-5FD67D4779B7}"
EndProject
Project("{2150E333-8FDC-42A3-9474-1A3956D46DE8}") = "3 - Domain", "3 - Domain", "{6D67E6ED-BC44-4D22-9907-80DDF31CF79A}"
EndProject
Project("{2150E333-8FDC-42A3-9474-1A3956D46DE8}") = "Tests", "Tests", "{AD620425-014A-495D-991C-89A5ECC887CB}"
EndProject
Project("{FAE04EC0-301F-11D3-BF4B-00C04F79EFBC}") = "MyStore.Domain.Tests", "MyStore.Domain.Tests\MyStore.Domain.Tests.csproj", "{A05BDD1F-3A74-4945-B97E-3EB4D5FBC8F6}"
EndProject
Project("{FAE04EC0-301F-11D3-BF4B-00C04F79EFBC}") = "MyStore.SharedKernel", "MyStore.SharedKernel\MyStore.SharedKernel.csproj", "{AFF852B1-C6DF-4F7D-9829-1DF6EE233BF3}"
EndProject
Project("{2150E333-8FDC-42A3-9474-1A3956D46DE8}") = "4 - Infrastructure", "4 - Infrastructure", "{FD2415E9-AC94-446A-A60C-862CC2B45308}"
EndProject
Project("{FAE04EC0-301F-11D3-BF4B-00C04F79EFBC}") = "MyStore.Infrastructure", "MyStore.Infrastructure\MyStore.Infrastructure.csproj", "{8C0AF95B-3FE5-4388-AF66-BF0FD9279A1C}"
EndProject
Project("{2150E333-8FDC-42A3-9474-1A3956D46DE8}") = "2 - Application Services", "2 - Application Services", "{3EF61E94-D6DD-4A51-A031-E2678C764151}"
EndProject
Project("{2150E333-8FDC-42A3-9474-1A3956D46DE8}") = "1 - API", "1 - API", "{BCBAACC4-27A3-489F-86A1-020F41ACECAF}"
EndProject
Project("{FAE04EC0-301F-11D3-BF4B-00C04F79EFBC}") = "MyStore.ApplicationService", "MyStore.ApplicationService\MyStore.ApplicationService.csproj", "{227FC372-DE77-4AEA-A509-BF2DCD94B5D6}"
EndProject
Project("{FAE04EC0-301F-11D3-BF4B-00C04F79EFBC}") = "MyStore.API", "MyStore.API\MyStore.API.csproj", "{B4B0B562-0AB1-49AC-8F55-3FFEB231F4FC}"
EndProject
Project("{FAE04EC0-301F-11D3-BF4B-00C04F79EFBC}") = "MyStore.CrossCutting", "MyStore.CrossCutting\MyStore.CrossCutting.csproj", "{AB99368B-50DA-45EB-9BC4-3165127EA24E}"
EndProject
Global
	GlobalSection(SolutionConfigurationPlatforms) = preSolution
		Debug|Any CPU = Debug|Any CPU
		Release|Any CPU = Release|Any CPU
	EndGlobalSection
	GlobalSection(ProjectConfigurationPlatforms) = postSolution
		{B9AB2C13-735C-428B-9F73-5FD67D4779B7}.Debug|Any CPU.ActiveCfg = Debug|Any CPU
		{B9AB2C13-735C-428B-9F73-5FD67D4779B7}.Debug|Any CPU.Build.0 = Debug|Any CPU
		{B9AB2C13-735C-428B-9F73-5FD67D4779B7}.Release|Any CPU.ActiveCfg = Release|Any CPU
		{B9AB2C13-735C-428B-9F73-5FD67D4779B7}.Release|Any CPU.Build.0 = Release|Any CPU
		{A05BDD1F-3A74-4945-B97E-3EB4D5FBC8F6}.Debug|Any CPU.ActiveCfg = Debug|Any CPU
		{A05BDD1F-3A74-4945-B97E-3EB4D5FBC8F6}.Debug|Any CPU.Build.0 = Debug|Any CPU
		{A05BDD1F-3A74-4945-B97E-3EB4D5FBC8F6}.Release|Any CPU.ActiveCfg = Release|Any CPU
		{A05BDD1F-3A74-4945-B97E-3EB4D5FBC8F6}.Release|Any CPU.Build.0 = Release|Any CPU
		{AFF852B1-C6DF-4F7D-9829-1DF6EE233BF3}.Debug|Any CPU.ActiveCfg = Debug|Any CPU
		{AFF852B1-C6DF-4F7D-9829-1DF6EE233BF3}.Debug|Any CPU.Build.0 = Debug|Any CPU
		{AFF852B1-C6DF-4F7D-9829-1DF6EE233BF3}.Release|Any CPU.ActiveCfg = Release|Any CPU
		{AFF852B1-C6DF-4F7D-9829-1DF6EE233BF3}.Release|Any CPU.Build.0 = Release|Any CPU
		{8C0AF95B-3FE5-4388-AF66-BF0FD9279A1C}.Debug|Any CPU.ActiveCfg = Debug|Any CPU
		{8C0AF95B-3FE5-4388-AF66-BF0FD9279A1C}.Debug|Any CPU.Build.0 = Debug|Any CPU
		{8C0AF95B-3FE5-4388-AF66-BF0FD9279A1C}.Release|Any CPU.ActiveCfg = Release|Any CPU
		{8C0AF95B-3FE5-4388-AF66-BF0FD9279A1C}.Release|Any CPU.Build.0 = Release|Any CPU
		{227FC372-DE77-4AEA-A509-BF2DCD94B5D6}.Debug|Any CPU.ActiveCfg = Debug|Any CPU
		{227FC372-DE77-4AEA-A509-BF2DCD94B5D6}.Debug|Any CPU.Build.0 = Debug|Any CPU
		{227FC372-DE77-4AEA-A509-BF2DCD94B5D6}.Release|Any CPU.ActiveCfg = Release|Any CPU
		{227FC372-DE77-4AEA-A509-BF2DCD94B5D6}.Release|Any CPU.Build.0 = Release|Any CPU
		{B4B0B562-0AB1-49AC-8F55-3FFEB231F4FC}.Debug|Any CPU.ActiveCfg = Debug|Any CPU
		{B4B0B562-0AB1-49AC-8F55-3FFEB231F4FC}.Debug|Any CPU.Build.0 = Debug|Any CPU
		{B4B0B562-0AB1-49AC-8F55-3FFEB231F4FC}.Release|Any CPU.ActiveCfg = Release|Any CPU
		{B4B0B562-0AB1-49AC-8F55-3FFEB231F4FC}.Release|Any CPU.Build.0 = Release|Any CPU
		{AB99368B-50DA-45EB-9BC4-3165127EA24E}.Debug|Any CPU.ActiveCfg = Debug|Any CPU
		{AB99368B-50DA-45EB-9BC4-3165127EA24E}.Debug|Any CPU.Build.0 = Debug|Any CPU
		{AB99368B-50DA-45EB-9BC4-3165127EA24E}.Release|Any CPU.ActiveCfg = Release|Any CPU
		{AB99368B-50DA-45EB-9BC4-3165127EA24E}.Release|Any CPU.Build.0 = Release|Any CPU
	EndGlobalSection
	GlobalSection(SolutionProperties) = preSolution
		HideSolutionNode = FALSE
	EndGlobalSection
	GlobalSection(NestedProjects) = preSolution
		{B9AB2C13-735C-428B-9F73-5FD67D4779B7} = {6D67E6ED-BC44-4D22-9907-80DDF31CF79A}
		{A05BDD1F-3A74-4945-B97E-3EB4D5FBC8F6} = {AD620425-014A-495D-991C-89A5ECC887CB}
		{AFF852B1-C6DF-4F7D-9829-1DF6EE233BF3} = {6D67E6ED-BC44-4D22-9907-80DDF31CF79A}
		{8C0AF95B-3FE5-4388-AF66-BF0FD9279A1C} = {FD2415E9-AC94-446A-A60C-862CC2B45308}
		{227FC372-DE77-4AEA-A509-BF2DCD94B5D6} = {3EF61E94-D6DD-4A51-A031-E2678C764151}
		{B4B0B562-0AB1-49AC-8F55-3FFEB231F4FC} = {BCBAACC4-27A3-489F-86A1-020F41ACECAF}
		{AB99368B-50DA-45EB-9BC4-3165127EA24E} = {FD2415E9-AC94-446A-A60C-862CC2B45308}
	EndGlobalSection
	GlobalSection(ExtensibilityGlobals) = postSolution
		SolutionGuid = {8FCA0EFF-8458-46AE-9305-4AEE58A8B870}
	EndGlobalSection
EndGlobal
